
Microsoft Visual Studio Solution File, Format Version 12.00
# Visual Studio Version 16
VisualStudioVersion = 16.0.31605.320
MinimumVisualStudioVersion = 10.0.40219.1
Project("{FAE04EC0-301F-11D3-BF4B-00C04F79EFBC}") = "EstacionamientoMVC", "EstacionamientoMVC.csproj", "{D5C4FC1A-66EE-4F08-A273-0678D96C8A11}"
EndProject
Global
	GlobalSection(SolutionConfigurationPlatforms) = preSolution
		Debug|Any CPU = Debug|Any CPU
		Release|Any CPU = Release|Any CPU
	EndGlobalSection
	GlobalSection(ProjectConfigurationPlatforms) = postSolution
		{D5C4FC1A-66EE-4F08-A273-0678D96C8A11}.Debug|Any CPU.ActiveCfg = Debug|Any CPU
		{D5C4FC1A-66EE-4F08-A273-0678D96C8A11}.Debug|Any CPU.Build.0 = Debug|Any CPU
		{D5C4FC1A-66EE-4F08-A273-0678D96C8A11}.Release|Any CPU.ActiveCfg = Release|Any CPU
		{D5C4FC1A-66EE-4F08-A273-0678D96C8A11}.Release|Any CPU.Build.0 = Release|Any CPU
	EndGlobalSection
	GlobalSection(SolutionProperties) = preSolution
		HideSolutionNode = FALSE
	EndGlobalSection
	GlobalSection(ExtensibilityGlobals) = postSolution
		SolutionGuid = {5376533F-51DD-414B-9E77-31D52ECA4EC7}
	EndGlobalSection
EndGlobal
