
Microsoft Visual Studio Solution File, Format Version 12.00
# Visual Studio Version 16
VisualStudioVersion = 16.0.31025.194
MinimumVisualStudioVersion = 10.0.40219.1
Project("{FAE04EC0-301F-11D3-BF4B-00C04F79EFBC}") = "EstacionamientoMVC", "EstacionamientoMVC\EstacionamientoMVC.csproj", "{610D8AE8-A789-4353-95B1-5B519D09491C}"
EndProject
Global
	GlobalSection(SolutionConfigurationPlatforms) = preSolution
		Debug|Any CPU = Debug|Any CPU
		Release|Any CPU = Release|Any CPU
	EndGlobalSection
	GlobalSection(ProjectConfigurationPlatforms) = postSolution
		{610D8AE8-A789-4353-95B1-5B519D09491C}.Debug|Any CPU.ActiveCfg = Debug|Any CPU
		{610D8AE8-A789-4353-95B1-5B519D09491C}.Debug|Any CPU.Build.0 = Debug|Any CPU
		{610D8AE8-A789-4353-95B1-5B519D09491C}.Release|Any CPU.ActiveCfg = Release|Any CPU
		{610D8AE8-A789-4353-95B1-5B519D09491C}.Release|Any CPU.Build.0 = Release|Any CPU
	EndGlobalSection
	GlobalSection(SolutionProperties) = preSolution
		HideSolutionNode = FALSE
	EndGlobalSection
	GlobalSection(ExtensibilityGlobals) = postSolution
		SolutionGuid = {00F46D5D-7050-4CD4-8D53-80C48FB5661C}
	EndGlobalSection
EndGlobal
